# THIS IS AN AUTOGENERATED FILE. DO NOT EDIT THIS FILE DIRECTLY.
# yarn lockfile v1
"@algolia/autocomplete-core@1.7.1":
  "integrity" "sha512-eiZw+fxMzNQn01S8dA/hcCpoWCOCwcIIEUtHHdzN5TGB3IpzLbuhqFeTfh2OUhhgkE8Uo17+wH+QJ/wYyQmmzg=="
  "resolved" "https://registry.npmjs.org/@algolia/autocomplete-core/-/autocomplete-core-1.7.1.tgz"
  "version" "1.7.1"
  dependencies:
    "@algolia/autocomplete-shared" "1.7.1"
